
Microsoft Visual Studio Solution File, Format Version 12.00
# Visual Studio 2012
Project("{FAE04EC0-301F-11D3-BF4B-00C04F79EFBC}") = "Sm4shFileExplorer", "Sm4shFileExplorer\Sm4shFileExplorer.csproj", "{69340763-B033-4AA4-8A0F-608C2437667B}"
EndProject
Project("{FAE04EC0-301F-11D3-BF4B-00C04F79EFBC}") = "Sm4shProjectManager", "Sm4shProjectManager\Sm4shProjectManager.csproj", "{3419C920-8F0C-4703-A64F-933C4396C39B}"
EndProject
Global
	GlobalSection(SolutionConfigurationPlatforms) = preSolution
		Debug|Any CPU = Debug|Any CPU
		Release|Any CPU = Release|Any CPU
	EndGlobalSection
	GlobalSection(ProjectConfigurationPlatforms) = postSolution
		{69340763-B033-4AA4-8A0F-608C2437667B}.Debug|Any CPU.ActiveCfg = Debug|Any CPU
		{69340763-B033-4AA4-8A0F-608C2437667B}.Debug|Any CPU.Build.0 = Debug|Any CPU
		{69340763-B033-4AA4-8A0F-608C2437667B}.Release|Any CPU.ActiveCfg = Release|Any CPU
		{69340763-B033-4AA4-8A0F-608C2437667B}.Release|Any CPU.Build.0 = Release|Any CPU
		{3419C920-8F0C-4703-A64F-933C4396C39B}.Debug|Any CPU.ActiveCfg = Debug|Any CPU
		{3419C920-8F0C-4703-A64F-933C4396C39B}.Debug|Any CPU.Build.0 = Debug|Any CPU
		{3419C920-8F0C-4703-A64F-933C4396C39B}.Release|Any CPU.ActiveCfg = Release|Any CPU
		{3419C920-8F0C-4703-A64F-933C4396C39B}.Release|Any CPU.Build.0 = Release|Any CPU
	EndGlobalSection
	GlobalSection(SolutionProperties) = preSolution
		HideSolutionNode = FALSE
	EndGlobalSection
EndGlobal
